
Microsoft Visual Studio Solution File, Format Version 12.00
# Visual Studio 15
VisualStudioVersion = 15.0.27004.2009
MinimumVisualStudioVersion = 10.0.40219.1
Project("{FAE04EC0-301F-11D3-BF4B-00C04F79EFBC}") = "ApiKfact", "..\ApiKfact\ApiKfact.csproj", "{0EE1C9FD-800E-4F08-A96A-3934B21C1BD7}"
EndProject
Project("{FAE04EC0-301F-11D3-BF4B-00C04F79EFBC}") = "AppMovilFE.Android", "..\AppMovilFE\AppMovilFE.Android\AppMovilFE.Android.csproj", "{864334AC-0258-4E5F-8AAC-1B5E9461FF74}"
EndProject
Project("{FAE04EC0-301F-11D3-BF4B-00C04F79EFBC}") = "AppMovilFE.iOS", "..\AppMovilFE\AppMovilFE.iOS\AppMovilFE.iOS.csproj", "{5BB04829-8C50-4940-9CA3-A701E77935DD}"
EndProject
Project("{9A19103F-16F7-4668-BE54-9A1E7A4F7556}") = "AppMovilFE", "..\AppMovilFE\AppMovilFE\AppMovilFE.csproj", "{7716165E-6F8E-4A7C-9F4F-34AD15928C29}"
EndProject
Project("{9A19103F-16F7-4668-BE54-9A1E7A4F7556}") = "AppEntity", "..\AppEntity\AppEntity.csproj", "{0EB5EEC1-1D1B-4820-AF9A-B9C41893F32C}"
EndProject
Global
	GlobalSection(SolutionConfigurationPlatforms) = preSolution
		Ad-Hoc|Any CPU = Ad-Hoc|Any CPU
		Ad-Hoc|iPhone = Ad-Hoc|iPhone
		Ad-Hoc|iPhoneSimulator = Ad-Hoc|iPhoneSimulator
		AppStore|Any CPU = AppStore|Any CPU
		AppStore|iPhone = AppStore|iPhone
		AppStore|iPhoneSimulator = AppStore|iPhoneSimulator
		Debug|Any CPU = Debug|Any CPU
		Debug|iPhone = Debug|iPhone
		Debug|iPhoneSimulator = Debug|iPhoneSimulator
		Release|Any CPU = Release|Any CPU
		Release|iPhone = Release|iPhone
		Release|iPhoneSimulator = Release|iPhoneSimulator
	EndGlobalSection
	GlobalSection(ProjectConfigurationPlatforms) = postSolution
		{0EE1C9FD-800E-4F08-A96A-3934B21C1BD7}.Ad-Hoc|Any CPU.ActiveCfg = Release|Any CPU
		{0EE1C9FD-800E-4F08-A96A-3934B21C1BD7}.Ad-Hoc|Any CPU.Build.0 = Release|Any CPU
		{0EE1C9FD-800E-4F08-A96A-3934B21C1BD7}.Ad-Hoc|iPhone.ActiveCfg = Release|Any CPU
		{0EE1C9FD-800E-4F08-A96A-3934B21C1BD7}.Ad-Hoc|iPhone.Build.0 = Release|Any CPU
		{0EE1C9FD-800E-4F08-A96A-3934B21C1BD7}.Ad-Hoc|iPhoneSimulator.ActiveCfg = Release|Any CPU
		{0EE1C9FD-800E-4F08-A96A-3934B21C1BD7}.Ad-Hoc|iPhoneSimulator.Build.0 = Release|Any CPU
		{0EE1C9FD-800E-4F08-A96A-3934B21C1BD7}.AppStore|Any CPU.ActiveCfg = Release|Any CPU
		{0EE1C9FD-800E-4F08-A96A-3934B21C1BD7}.AppStore|Any CPU.Build.0 = Release|Any CPU
		{0EE1C9FD-800E-4F08-A96A-3934B21C1BD7}.AppStore|iPhone.ActiveCfg = Release|Any CPU
		{0EE1C9FD-800E-4F08-A96A-3934B21C1BD7}.AppStore|iPhone.Build.0 = Release|Any CPU
		{0EE1C9FD-800E-4F08-A96A-3934B21C1BD7}.AppStore|iPhoneSimulator.ActiveCfg = Release|Any CPU
		{0EE1C9FD-800E-4F08-A96A-3934B21C1BD7}.AppStore|iPhoneSimulator.Build.0 = Release|Any CPU
		{0EE1C9FD-800E-4F08-A96A-3934B21C1BD7}.Debug|Any CPU.ActiveCfg = Debug|Any CPU
		{0EE1C9FD-800E-4F08-A96A-3934B21C1BD7}.Debug|Any CPU.Build.0 = Debug|Any CPU
		{0EE1C9FD-800E-4F08-A96A-3934B21C1BD7}.Debug|iPhone.ActiveCfg = Debug|Any CPU
		{0EE1C9FD-800E-4F08-A96A-3934B21C1BD7}.Debug|iPhone.Build.0 = Debug|Any CPU
		{0EE1C9FD-800E-4F08-A96A-3934B21C1BD7}.Debug|iPhoneSimulator.ActiveCfg = Debug|Any CPU
		{0EE1C9FD-800E-4F08-A96A-3934B21C1BD7}.Debug|iPhoneSimulator.Build.0 = Debug|Any CPU
		{0EE1C9FD-800E-4F08-A96A-3934B21C1BD7}.Release|Any CPU.ActiveCfg = Release|Any CPU
		{0EE1C9FD-800E-4F08-A96A-3934B21C1BD7}.Release|Any CPU.Build.0 = Release|Any CPU
		{0EE1C9FD-800E-4F08-A96A-3934B21C1BD7}.Release|iPhone.ActiveCfg = Release|Any CPU
		{0EE1C9FD-800E-4F08-A96A-3934B21C1BD7}.Release|iPhone.Build.0 = Release|Any CPU
		{0EE1C9FD-800E-4F08-A96A-3934B21C1BD7}.Release|iPhoneSimulator.ActiveCfg = Release|Any CPU
		{0EE1C9FD-800E-4F08-A96A-3934B21C1BD7}.Release|iPhoneSimulator.Build.0 = Release|Any CPU
		{864334AC-0258-4E5F-8AAC-1B5E9461FF74}.Ad-Hoc|Any CPU.ActiveCfg = Release|Any CPU
		{864334AC-0258-4E5F-8AAC-1B5E9461FF74}.Ad-Hoc|Any CPU.Build.0 = Release|Any CPU
		{864334AC-0258-4E5F-8AAC-1B5E9461FF74}.Ad-Hoc|Any CPU.Deploy.0 = Release|Any CPU
		{864334AC-0258-4E5F-8AAC-1B5E9461FF74}.Ad-Hoc|iPhone.ActiveCfg = Release|Any CPU
		{864334AC-0258-4E5F-8AAC-1B5E9461FF74}.Ad-Hoc|iPhone.Build.0 = Release|Any CPU
		{864334AC-0258-4E5F-8AAC-1B5E9461FF74}.Ad-Hoc|iPhone.Deploy.0 = Release|Any CPU
		{864334AC-0258-4E5F-8AAC-1B5E9461FF74}.Ad-Hoc|iPhoneSimulator.ActiveCfg = Release|Any CPU
		{864334AC-0258-4E5F-8AAC-1B5E9461FF74}.Ad-Hoc|iPhoneSimulator.Build.0 = Release|Any CPU
		{864334AC-0258-4E5F-8AAC-1B5E9461FF74}.Ad-Hoc|iPhoneSimulator.Deploy.0 = Release|Any CPU
		{864334AC-0258-4E5F-8AAC-1B5E9461FF74}.AppStore|Any CPU.ActiveCfg = Release|Any CPU
		{864334AC-0258-4E5F-8AAC-1B5E9461FF74}.AppStore|Any CPU.Build.0 = Release|Any CPU
		{864334AC-0258-4E5F-8AAC-1B5E9461FF74}.AppStore|Any CPU.Deploy.0 = Release|Any CPU
		{864334AC-0258-4E5F-8AAC-1B5E9461FF74}.AppStore|iPhone.ActiveCfg = Release|Any CPU
		{864334AC-0258-4E5F-8AAC-1B5E9461FF74}.AppStore|iPhone.Build.0 = Release|Any CPU
		{864334AC-0258-4E5F-8AAC-1B5E9461FF74}.AppStore|iPhone.Deploy.0 = Release|Any CPU
		{864334AC-0258-4E5F-8AAC-1B5E9461FF74}.AppStore|iPhoneSimulator.ActiveCfg = Release|Any CPU
		{864334AC-0258-4E5F-8AAC-1B5E9461FF74}.AppStore|iPhoneSimulator.Build.0 = Release|Any CPU
		{864334AC-0258-4E5F-8AAC-1B5E9461FF74}.AppStore|iPhoneSimulator.Deploy.0 = Release|Any CPU
		{864334AC-0258-4E5F-8AAC-1B5E9461FF74}.Debug|Any CPU.ActiveCfg = Debug|Any CPU
		{864334AC-0258-4E5F-8AAC-1B5E9461FF74}.Debug|Any CPU.Build.0 = Debug|Any CPU
		{864334AC-0258-4E5F-8AAC-1B5E9461FF74}.Debug|Any CPU.Deploy.0 = Debug|Any CPU
		{864334AC-0258-4E5F-8AAC-1B5E9461FF74}.Debug|iPhone.ActiveCfg = Debug|Any CPU
		{864334AC-0258-4E5F-8AAC-1B5E9461FF74}.Debug|iPhone.Build.0 = Debug|Any CPU
		{864334AC-0258-4E5F-8AAC-1B5E9461FF74}.Debug|iPhone.Deploy.0 = Debug|Any CPU
		{864334AC-0258-4E5F-8AAC-1B5E9461FF74}.Debug|iPhoneSimulator.ActiveCfg = Debug|Any CPU
		{864334AC-0258-4E5F-8AAC-1B5E9461FF74}.Debug|iPhoneSimulator.Build.0 = Debug|Any CPU
		{864334AC-0258-4E5F-8AAC-1B5E9461FF74}.Debug|iPhoneSimulator.Deploy.0 = Debug|Any CPU
		{864334AC-0258-4E5F-8AAC-1B5E9461FF74}.Release|Any CPU.ActiveCfg = Release|Any CPU
		{864334AC-0258-4E5F-8AAC-1B5E9461FF74}.Release|Any CPU.Build.0 = Release|Any CPU
		{864334AC-0258-4E5F-8AAC-1B5E9461FF74}.Release|Any CPU.Deploy.0 = Release|Any CPU
		{864334AC-0258-4E5F-8AAC-1B5E9461FF74}.Release|iPhone.ActiveCfg = Release|Any CPU
		{864334AC-0258-4E5F-8AAC-1B5E9461FF74}.Release|iPhone.Build.0 = Release|Any CPU
		{864334AC-0258-4E5F-8AAC-1B5E9461FF74}.Release|iPhone.Deploy.0 = Release|Any CPU
		{864334AC-0258-4E5F-8AAC-1B5E9461FF74}.Release|iPhoneSimulator.ActiveCfg = Release|Any CPU
		{864334AC-0258-4E5F-8AAC-1B5E9461FF74}.Release|iPhoneSimulator.Build.0 = Release|Any CPU
		{864334AC-0258-4E5F-8AAC-1B5E9461FF74}.Release|iPhoneSimulator.Deploy.0 = Release|Any CPU
		{5BB04829-8C50-4940-9CA3-A701E77935DD}.Ad-Hoc|Any CPU.ActiveCfg = Ad-Hoc|iPhone
		{5BB04829-8C50-4940-9CA3-A701E77935DD}.Ad-Hoc|iPhone.ActiveCfg = Ad-Hoc|iPhone
		{5BB04829-8C50-4940-9CA3-A701E77935DD}.Ad-Hoc|iPhone.Build.0 = Ad-Hoc|iPhone
		{5BB04829-8C50-4940-9CA3-A701E77935DD}.Ad-Hoc|iPhoneSimulator.ActiveCfg = Ad-Hoc|iPhoneSimulator
		{5BB04829-8C50-4940-9CA3-A701E77935DD}.Ad-Hoc|iPhoneSimulator.Build.0 = Ad-Hoc|iPhoneSimulator
		{5BB04829-8C50-4940-9CA3-A701E77935DD}.AppStore|Any CPU.ActiveCfg = AppStore|iPhone
		{5BB04829-8C50-4940-9CA3-A701E77935DD}.AppStore|iPhone.ActiveCfg = AppStore|iPhone
		{5BB04829-8C50-4940-9CA3-A701E77935DD}.AppStore|iPhone.Build.0 = AppStore|iPhone
		{5BB04829-8C50-4940-9CA3-A701E77935DD}.AppStore|iPhoneSimulator.ActiveCfg = AppStore|iPhoneSimulator
		{5BB04829-8C50-4940-9CA3-A701E77935DD}.AppStore|iPhoneSimulator.Build.0 = AppStore|iPhoneSimulator
		{5BB04829-8C50-4940-9CA3-A701E77935DD}.Debug|Any CPU.ActiveCfg = Debug|iPhone
		{5BB04829-8C50-4940-9CA3-A701E77935DD}.Debug|iPhone.ActiveCfg = Debug|iPhone
		{5BB04829-8C50-4940-9CA3-A701E77935DD}.Debug|iPhone.Build.0 = Debug|iPhone
		{5BB04829-8C50-4940-9CA3-A701E77935DD}.Debug|iPhoneSimulator.ActiveCfg = Debug|iPhoneSimulator
		{5BB04829-8C50-4940-9CA3-A701E77935DD}.Debug|iPhoneSimulator.Build.0 = Debug|iPhoneSimulator
		{5BB04829-8C50-4940-9CA3-A701E77935DD}.Release|Any CPU.ActiveCfg = Release|iPhone
		{5BB04829-8C50-4940-9CA3-A701E77935DD}.Release|iPhone.ActiveCfg = Release|iPhone
		{5BB04829-8C50-4940-9CA3-A701E77935DD}.Release|iPhone.Build.0 = Release|iPhone
		{5BB04829-8C50-4940-9CA3-A701E77935DD}.Release|iPhoneSimulator.ActiveCfg = Release|iPhoneSimulator
		{5BB04829-8C50-4940-9CA3-A701E77935DD}.Release|iPhoneSimulator.Build.0 = Release|iPhoneSimulator
		{7716165E-6F8E-4A7C-9F4F-34AD15928C29}.Ad-Hoc|Any CPU.ActiveCfg = Debug|Any CPU
		{7716165E-6F8E-4A7C-9F4F-34AD15928C29}.Ad-Hoc|Any CPU.Build.0 = Debug|Any CPU
		{7716165E-6F8E-4A7C-9F4F-34AD15928C29}.Ad-Hoc|iPhone.ActiveCfg = Debug|Any CPU
		{7716165E-6F8E-4A7C-9F4F-34AD15928C29}.Ad-Hoc|iPhone.Build.0 = Debug|Any CPU
		{7716165E-6F8E-4A7C-9F4F-34AD15928C29}.Ad-Hoc|iPhoneSimulator.ActiveCfg = Debug|Any CPU
		{7716165E-6F8E-4A7C-9F4F-34AD15928C29}.Ad-Hoc|iPhoneSimulator.Build.0 = Debug|Any CPU
		{7716165E-6F8E-4A7C-9F4F-34AD15928C29}.AppStore|Any CPU.ActiveCfg = Debug|Any CPU
		{7716165E-6F8E-4A7C-9F4F-34AD15928C29}.AppStore|Any CPU.Build.0 = Debug|Any CPU
		{7716165E-6F8E-4A7C-9F4F-34AD15928C29}.AppStore|iPhone.ActiveCfg = Debug|Any CPU
		{7716165E-6F8E-4A7C-9F4F-34AD15928C29}.AppStore|iPhone.Build.0 = Debug|Any CPU
		{7716165E-6F8E-4A7C-9F4F-34AD15928C29}.AppStore|iPhoneSimulator.ActiveCfg = Debug|Any CPU
		{7716165E-6F8E-4A7C-9F4F-34AD15928C29}.AppStore|iPhoneSimulator.Build.0 = Debug|Any CPU
		{7716165E-6F8E-4A7C-9F4F-34AD15928C29}.Debug|Any CPU.ActiveCfg = Debug|Any CPU
		{7716165E-6F8E-4A7C-9F4F-34AD15928C29}.Debug|Any CPU.Build.0 = Debug|Any CPU
		{7716165E-6F8E-4A7C-9F4F-34AD15928C29}.Debug|iPhone.ActiveCfg = Debug|Any CPU
		{7716165E-6F8E-4A7C-9F4F-34AD15928C29}.Debug|iPhone.Build.0 = Debug|Any CPU
		{7716165E-6F8E-4A7C-9F4F-34AD15928C29}.Debug|iPhoneSimulator.ActiveCfg = Debug|Any CPU
		{7716165E-6F8E-4A7C-9F4F-34AD15928C29}.Debug|iPhoneSimulator.Build.0 = Debug|Any CPU
		{7716165E-6F8E-4A7C-9F4F-34AD15928C29}.Release|Any CPU.ActiveCfg = Release|Any CPU
		{7716165E-6F8E-4A7C-9F4F-34AD15928C29}.Release|Any CPU.Build.0 = Release|Any CPU
		{7716165E-6F8E-4A7C-9F4F-34AD15928C29}.Release|iPhone.ActiveCfg = Release|Any CPU
		{7716165E-6F8E-4A7C-9F4F-34AD15928C29}.Release|iPhone.Build.0 = Release|Any CPU
		{7716165E-6F8E-4A7C-9F4F-34AD15928C29}.Release|iPhoneSimulator.ActiveCfg = Release|Any CPU
		{7716165E-6F8E-4A7C-9F4F-34AD15928C29}.Release|iPhoneSimulator.Build.0 = Release|Any CPU
		{0EB5EEC1-1D1B-4820-AF9A-B9C41893F32C}.Ad-Hoc|Any CPU.ActiveCfg = Debug|Any CPU
		{0EB5EEC1-1D1B-4820-AF9A-B9C41893F32C}.Ad-Hoc|Any CPU.Build.0 = Debug|Any CPU
		{0EB5EEC1-1D1B-4820-AF9A-B9C41893F32C}.Ad-Hoc|iPhone.ActiveCfg = Debug|Any CPU
		{0EB5EEC1-1D1B-4820-AF9A-B9C41893F32C}.Ad-Hoc|iPhone.Build.0 = Debug|Any CPU
		{0EB5EEC1-1D1B-4820-AF9A-B9C41893F32C}.Ad-Hoc|iPhoneSimulator.ActiveCfg = Debug|Any CPU
		{0EB5EEC1-1D1B-4820-AF9A-B9C41893F32C}.Ad-Hoc|iPhoneSimulator.Build.0 = Debug|Any CPU
		{0EB5EEC1-1D1B-4820-AF9A-B9C41893F32C}.AppStore|Any CPU.ActiveCfg = Debug|Any CPU
		{0EB5EEC1-1D1B-4820-AF9A-B9C41893F32C}.AppStore|Any CPU.Build.0 = Debug|Any CPU
		{0EB5EEC1-1D1B-4820-AF9A-B9C41893F32C}.AppStore|iPhone.ActiveCfg = Debug|Any CPU
		{0EB5EEC1-1D1B-4820-AF9A-B9C41893F32C}.AppStore|iPhone.Build.0 = Debug|Any CPU
		{0EB5EEC1-1D1B-4820-AF9A-B9C41893F32C}.AppStore|iPhoneSimulator.ActiveCfg = Debug|Any CPU
		{0EB5EEC1-1D1B-4820-AF9A-B9C41893F32C}.AppStore|iPhoneSimulator.Build.0 = Debug|Any CPU
		{0EB5EEC1-1D1B-4820-AF9A-B9C41893F32C}.Debug|Any CPU.ActiveCfg = Debug|Any CPU
		{0EB5EEC1-1D1B-4820-AF9A-B9C41893F32C}.Debug|Any CPU.Build.0 = Debug|Any CPU
		{0EB5EEC1-1D1B-4820-AF9A-B9C41893F32C}.Debug|iPhone.ActiveCfg = Debug|Any CPU
		{0EB5EEC1-1D1B-4820-AF9A-B9C41893F32C}.Debug|iPhone.Build.0 = Debug|Any CPU
		{0EB5EEC1-1D1B-4820-AF9A-B9C41893F32C}.Debug|iPhoneSimulator.ActiveCfg = Debug|Any CPU
		{0EB5EEC1-1D1B-4820-AF9A-B9C41893F32C}.Debug|iPhoneSimulator.Build.0 = Debug|Any CPU
		{0EB5EEC1-1D1B-4820-AF9A-B9C41893F32C}.Release|Any CPU.ActiveCfg = Release|Any CPU
		{0EB5EEC1-1D1B-4820-AF9A-B9C41893F32C}.Release|Any CPU.Build.0 = Release|Any CPU
		{0EB5EEC1-1D1B-4820-AF9A-B9C41893F32C}.Release|iPhone.ActiveCfg = Release|Any CPU
		{0EB5EEC1-1D1B-4820-AF9A-B9C41893F32C}.Release|iPhone.Build.0 = Release|Any CPU
		{0EB5EEC1-1D1B-4820-AF9A-B9C41893F32C}.Release|iPhoneSimulator.ActiveCfg = Release|Any CPU
		{0EB5EEC1-1D1B-4820-AF9A-B9C41893F32C}.Release|iPhoneSimulator.Build.0 = Release|Any CPU
	EndGlobalSection
	GlobalSection(SolutionProperties) = preSolution
		HideSolutionNode = FALSE
	EndGlobalSection
	GlobalSection(ExtensibilityGlobals) = postSolution
		SolutionGuid = {A62D67C3-FFDE-4397-B031-D7DA7B34DA63}
	EndGlobalSection
EndGlobal
